
Microsoft Visual Studio Solution File, Format Version 12.00
# Visual Studio Version 17
VisualStudioVersion = 17.7.34221.43
MinimumVisualStudioVersion = 10.0.40219.1
Project("{FAE04EC0-301F-11D3-BF4B-00C04F79EFBC}") = "BeautyNest", "BeautyNest\BeautyNest.csproj", "{CEC348B3-D589-4DD2-8227-909C07B97E25}"
EndProject
Global
	GlobalSection(SolutionConfigurationPlatforms) = preSolution
		Debug|Any CPU = Debug|Any CPU
		Release|Any CPU = Release|Any CPU
	EndGlobalSection
	GlobalSection(ProjectConfigurationPlatforms) = postSolution
		{CEC348B3-D589-4DD2-8227-909C07B97E25}.Debug|Any CPU.ActiveCfg = Debug|Any CPU
		{CEC348B3-D589-4DD2-8227-909C07B97E25}.Debug|Any CPU.Build.0 = Debug|Any CPU
		{CEC348B3-D589-4DD2-8227-909C07B97E25}.Release|Any CPU.ActiveCfg = Release|Any CPU
		{CEC348B3-D589-4DD2-8227-909C07B97E25}.Release|Any CPU.Build.0 = Release|Any CPU
	EndGlobalSection
	GlobalSection(SolutionProperties) = preSolution
		HideSolutionNode = FALSE
	EndGlobalSection
	GlobalSection(ExtensibilityGlobals) = postSolution
		SolutionGuid = {CE554B50-6ADA-499B-B886-C71E3E810344}
	EndGlobalSection
EndGlobal
